
Microsoft Visual Studio Solution File, Format Version 12.00
# Visual Studio Version 17
VisualStudioVersion = 17.2.32630.192
MinimumVisualStudioVersion = 10.0.40219.1
Project("{FAE04EC0-301F-11D3-BF4B-00C04F79EFBC}") = "DM280", "DM280.csproj", "{09C05F23-9280-4C91-A01F-385832358F82}"
EndProject
Global
	GlobalSection(SolutionConfigurationPlatforms) = preSolution
		Debug|Any CPU = Debug|Any CPU
		Release|Any CPU = Release|Any CPU
	EndGlobalSection
	GlobalSection(ProjectConfigurationPlatforms) = postSolution
		{09C05F23-9280-4C91-A01F-385832358F82}.Debug|Any CPU.ActiveCfg = Debug|Any CPU
		{09C05F23-9280-4C91-A01F-385832358F82}.Debug|Any CPU.Build.0 = Debug|Any CPU
		{09C05F23-9280-4C91-A01F-385832358F82}.Release|Any CPU.ActiveCfg = Release|Any CPU
		{09C05F23-9280-4C91-A01F-385832358F82}.Release|Any CPU.Build.0 = Release|Any CPU
	EndGlobalSection
	GlobalSection(SolutionProperties) = preSolution
		HideSolutionNode = FALSE
	EndGlobalSection
	GlobalSection(ExtensibilityGlobals) = postSolution
		SolutionGuid = {E4B73B7C-6DC7-4AC1-A651-FC816D61D2AE}
	EndGlobalSection
EndGlobal
